
Microsoft Visual Studio Solution File, Format Version 12.00
# Visual Studio Version 17
VisualStudioVersion = 17.13.35825.156 d17.13
MinimumVisualStudioVersion = 10.0.40219.1
Project("{FAE04EC0-301F-11D3-BF4B-00C04F79EFBC}") = "FinanceMemos.API", "FinanceMemos.API\FinanceMemos.API.csproj", "{4A47C984-D06D-47CF-B3AD-2017DEE0A3FE}"
EndProject
Global
	GlobalSection(SolutionConfigurationPlatforms) = preSolution
		Debug|Any CPU = Debug|Any CPU
		Release|Any CPU = Release|Any CPU
	EndGlobalSection
	GlobalSection(ProjectConfigurationPlatforms) = postSolution
		{4A47C984-D06D-47CF-B3AD-2017DEE0A3FE}.Debug|Any CPU.ActiveCfg = Debug|Any CPU
		{4A47C984-D06D-47CF-B3AD-2017DEE0A3FE}.Debug|Any CPU.Build.0 = Debug|Any CPU
		{4A47C984-D06D-47CF-B3AD-2017DEE0A3FE}.Release|Any CPU.ActiveCfg = Release|Any CPU
		{4A47C984-D06D-47CF-B3AD-2017DEE0A3FE}.Release|Any CPU.Build.0 = Release|Any CPU
	EndGlobalSection
	GlobalSection(SolutionProperties) = preSolution
		HideSolutionNode = FALSE
	EndGlobalSection
	GlobalSection(ExtensibilityGlobals) = postSolution
		SolutionGuid = {4DF6338D-72FC-44D3-938F-A74A61DFAC61}
	EndGlobalSection
EndGlobal
